// !$*UTF8*$!
{
	archiveVersion = 1;
	classes = {
	};
	objectVersion = 48;
	objects = {

/* Begin PBXBuildFile section */
		09461B602044EE5D0086BAB9 /* HNALoading.framework in Frameworks */ = {isa = PBXBuildFile; fileRef = 097F66B62043F5E0000095A1 /* HNALoading.framework */; };
		09461B612044EE5D0086BAB9 /* HNALoading.framework in Embed Frameworks */ = {isa = PBXBuildFile; fileRef = 097F66B62043F5E0000095A1 /* HNALoading.framework */; settings = {ATTRIBUTES = (CodeSignOnCopy, RemoveHeadersOnCopy, ); }; };
		097F668B2043F5A7000095A1 /* AppDelegate.swift in Sources */ = {isa = PBXBuildFile; fileRef = 097F668A2043F5A7000095A1 /* AppDelegate.swift */; };
		097F668D2043F5A7000095A1 /* ViewController.swift in Sources */ = {isa = PBXBuildFile; fileRef = 097F668C2043F5A7000095A1 /* ViewController.swift */; };
		097F66902043F5A7000095A1 /* Main.storyboard in Resources */ = {isa = PBXBuildFile; fileRef = 097F668E2043F5A7000095A1 /* Main.storyboard */; };
		097F66922043F5A7000095A1 /* Assets.xcassets in Resources */ = {isa = PBXBuildFile; fileRef = 097F66912043F5A7000095A1 /* Assets.xcassets */; };
		097F66952043F5A7000095A1 /* LaunchScreen.storyboard in Resources */ = {isa = PBXBuildFile; fileRef = 097F66932043F5A7000095A1 /* LaunchScreen.storyboard */; };
/* End PBXBuildFile section */

/* Begin PBXContainerItemProxy section */
		09461B622044EE5D0086BAB9 /* PBXContainerItemProxy */ = {
			isa = PBXContainerItemProxy;
			containerPortal = 097F66B12043F5DF000095A1 /* HNALoading.xcodeproj */;
			proxyType = 1;
			remoteGlobalIDString = 097F66A52043F5DF000095A1;
			remoteInfo = HNALoading;
		};
		097F66B52043F5E0000095A1 /* PBXContainerItemProxy */ = {
			isa = PBXContainerItemProxy;
			containerPortal = 097F66B12043F5DF000095A1 /* HNALoading.xcodeproj */;
			proxyType = 2;
			remoteGlobalIDString = 097F66A62043F5DF000095A1;
			remoteInfo = HNALoading;
		};
/* End PBXContainerItemProxy section */

/* Begin PBXCopyFilesBuildPhase section */
		09461B642044EE5D0086BAB9 /* Embed Frameworks */ = {
			isa = PBXCopyFilesBuildPhase;
			buildActionMask = 2147483647;
			dstPath = "";
			dstSubfolderSpec = 10;
			files = (
				09461B612044EE5D0086BAB9 /* HNALoading.framework in Embed Frameworks */,
			);
			name = "Embed Frameworks";
			runOnlyForDeploymentPostprocessing = 0;
		};
/* End PBXCopyFilesBuildPhase section */

/* Begin PBXFileReference section */
		097F66872043F5A7000095A1 /* HNAAnimation.app */ = {isa = PBXFileReference; explicitFileType = wrapper.application; includeInIndex = 0; path = HNAAnimation.app; sourceTree = BUILT_PRODUCTS_DIR; };
		097F668A2043F5A7000095A1 /* AppDelegate.swift */ = {isa = PBXFileReference; lastKnownFileType = sourcecode.swift; path = AppDelegate.swift; sourceTree = "<group>"; };
		097F668C2043F5A7000095A1 /* ViewController.swift */ = {isa = PBXFileReference; lastKnownFileType = sourcecode.swift; path = ViewController.swift; sourceTree = "<group>"; };
		097F668F2043F5A7000095A1 /* Base */ = {isa = PBXFileReference; lastKnownFileType = file.storyboard; name = Base; path = Base.lproj/Main.storyboard; sourceTree = "<group>"; };
		097F66912043F5A7000095A1 /* Assets.xcassets */ = {isa = PBXFileReference; lastKnownFileType = folder.assetcatalog; path = Assets.xcassets; sourceTree = "<group>"; };
		097F66942043F5A7000095A1 /* Base */ = {isa = PBXFileReference; lastKnownFileType = file.storyboard; name = Base; path = Base.lproj/LaunchScreen.storyboard; sourceTree = "<group>"; };
		097F66962043F5A7000095A1 /* Info.plist */ = {isa = PBXFileReference; lastKnownFileType = text.plist.xml; path = Info.plist; sourceTree = "<group>"; };
		097F66B12043F5DF000095A1 /* HNALoading.xcodeproj */ = {isa = PBXFileReference; lastKnownFileType = "wrapper.pb-project"; name = HNALoading.xcodeproj; path = HNALoading/HNALoading.xcodeproj; sourceTree = "<group>"; };
/* End PBXFileReference section */

/* Begin PBXFrameworksBuildPhase section */
		097F66842043F5A7000095A1 /* Frameworks */ = {
			isa = PBXFrameworksBuildPhase;
			buildActionMask = 2147483647;
			files = (
				09461B602044EE5D0086BAB9 /* HNALoading.framework in Frameworks */,
			);
			runOnlyForDeploymentPostprocessing = 0;
		};
/* End PBXFrameworksBuildPhase section */

/* Begin PBXGroup section */
		097F667E2043F5A7000095A1 = {
			isa = PBXGroup;
			children = (
				097F66B12043F5DF000095A1 /* HNALoading.xcodeproj */,
				097F66892043F5A7000095A1 /* HNAAnimation */,
				097F66882043F5A7000095A1 /* Products */,
			);
			sourceTree = "<group>";
		};
		097F66882043F5A7000095A1 /* Products */ = {
			isa = PBXGroup;
			children = (
				097F66872043F5A7000095A1 /* HNAAnimation.app */,
			);
			name = Products;
			sourceTree = "<group>";
		};
		097F66892043F5A7000095A1 /* HNAAnimation */ = {
			isa = PBXGroup;
			children = (
				097F668A2043F5A7000095A1 /* AppDelegate.swift */,
				097F668C2043F5A7000095A1 /* ViewController.swift */,
				097F668E2043F5A7000095A1 /* Main.storyboard */,
				097F66912043F5A7000095A1 /* Assets.xcassets */,
				097F66932043F5A7000095A1 /* LaunchScreen.storyboard */,
				097F66962043F5A7000095A1 /* Info.plist */,
			);
			path = HNAAnimation;
			sourceTree = "<group>";
		};
		097F66B22043F5DF000095A1 /* Products */ = {
			isa = PBXGroup;
			children = (
				097F66B62043F5E0000095A1 /* HNALoading.framework */,
			);
			name = Products;
			sourceTree = "<group>";
		};
/* End PBXGroup section */

/* Begin PBXNativeTarget section */
		097F66862043F5A7000095A1 /* HNAAnimation */ = {
			isa = PBXNativeTarget;
			buildConfigurationList = 097F66992043F5A7000095A1 /* Build configuration list for PBXNativeTarget "HNAAnimation" */;
			buildPhases = (
				097F66832043F5A7000095A1 /* Sources */,
				097F66842043F5A7000095A1 /* Frameworks */,
				097F66852043F5A7000095A1 /* Resources */,
				09461B642044EE5D0086BAB9 /* Embed Frameworks */,
			);
			buildRules = (
			);
			dependencies = (
				09461B632044EE5D0086BAB9 /* PBXTargetDependency */,
			);
			name = HNAAnimation;
			productName = HNAAnimation;
			productReference = 097F66872043F5A7000095A1 /* HNAAnimation.app */;
			productType = "com.apple.product-type.application";
		};
/* End PBXNativeTarget section */

/* Begin PBXProject section */
		097F667F2043F5A7000095A1 /* Project object */ = {
			isa = PBXProject;
			attributes = {
				LastSwiftUpdateCheck = 0920;
				LastUpgradeCheck = 0920;
				ORGANIZATIONNAME = "Hainan eKing Technology Co., Ltd.";
				TargetAttributes = {
					097F66862043F5A7000095A1 = {
						CreatedOnToolsVersion = 9.2;
						ProvisioningStyle = Automatic;
					};
				};
			};
			buildConfigurationList = 097F66822043F5A7000095A1 /* Build configuration list for PBXProject "HNAAnimation" */;
			compatibilityVersion = "Xcode 8.0";
			developmentRegion = en;
			hasScannedForEncodings = 0;
			knownRegions = (
				en,
				Base,
			);
			mainGroup = 097F667E2043F5A7000095A1;
			productRefGroup = 097F66882043F5A7000095A1 /* Products */;
			projectDirPath = "";
			projectReferences = (
				{
					ProductGroup = 097F66B22043F5DF000095A1 /* Products */;
					ProjectRef = 097F66B12043F5DF000095A1 /* HNALoading.xcodeproj */;
				},
			);
			projectRoot = "";
			targets = (
				097F66862043F5A7000095A1 /* HNAAnimation */,
			);
		};
/* End PBXProject section */

/* Begin PBXReferenceProxy section */
		097F66B62043F5E0000095A1 /* HNALoading.framework */ = {
			isa = PBXReferenceProxy;
			fileType = wrapper.framework;
			path = HNALoading.framework;
			remoteRef = 097F66B52043F5E0000095A1 /* PBXContainerItemProxy */;
			sourceTree = BUILT_PRODUCTS_DIR;
		};
/* End PBXReferenceProxy section */

/* Begin PBXResourcesBuildPhase section */
		097F66852043F5A7000095A1 /* Resources */ = {
			isa = PBXResourcesBuildPhase;
			buildActionMask = 2147483647;
			files = (
				097F66952043F5A7000095A1 /* LaunchScreen.storyboard in Resources */,
				097F66922043F5A7000095A1 /* Assets.xcassets in Resources */,
				097F66902043F5A7000095A1 /* Main.storyboard in Resources */,
			);
			runOnlyForDeploymentPostprocessing = 0;
		};
/* End PBXResourcesBuildPhase section */

/* Begin PBXSourcesBuildPhase section */
		097F66832043F5A7000095A1 /* Sources */ = {
			isa = PBXSourcesBuildPhase;
			buildActionMask = 2147483647;
			files = (
				097F668D2043F5A7000095A1 /* ViewController.swift in Sources */,
				097F668B2043F5A7000095A1 /* AppDelegate.swift in Sources */,
			);
			runOnlyForDeploymentPostprocessing = 0;
		};
/* End PBXSourcesBuildPhase section */

/* Begin PBXTargetDependency section */
		09461B632044EE5D0086BAB9 /* PBXTargetDependency */ = {
			isa = PBXTargetDependency;
			name = HNALoading;
			targetProxy = 09461B622044EE5D0086BAB9 /* PBXContainerItemProxy */;
		};
/* End PBXTargetDependency section */

/* Begin PBXVariantGroup section */
		097F668E2043F5A7000095A1 /* Main.storyboard */ = {
			isa = PBXVariantGroup;
			children = (
				097F668F2043F5A7000095A1 /* Base */,
			);
			name = Main.storyboard;
			sourceTree = "<group>";
		};
		097F66932043F5A7000095A1 /* LaunchScreen.storyboard */ = {
			isa = PBXVariantGroup;
			children = (
				097F66942043F5A7000095A1 /* Base */,
			);
			name = LaunchScreen.storyboard;
			sourceTree = "<group>";
		};
/* End PBXVariantGroup section */

/* Begin XCBuildConfiguration section */
		097F66972043F5A7000095A1 /* Debug */ = {
			isa = XCBuildConfiguration;
			buildSettings = {
				ALWAYS_SEARCH_USER_PATHS = NO;
				CLANG_ANALYZER_NONNULL = YES;
				CLANG_ANALYZER_NUMBER_OBJECT_CONVERSION = YES_AGGRESSIVE;
				CLANG_CXX_LANGUAGE_STANDARD = "gnu++14";
				CLANG_CXX_LIBRARY = "libc++";
				CLANG_ENABLE_MODULES = YES;
				CLANG_ENABLE_OBJC_ARC = YES;
				CLANG_WARN_BLOCK_CAPTURE_AUTORELEASING = YES;
				CLANG_WARN_BOOL_CONVERSION = YES;
				CLANG_WARN_COMMA = YES;
				CLANG_WARN_CONSTANT_CONVERSION = YES;
				CLANG_WARN_DIRECT_OBJC_ISA_USAGE = YES_ERROR;
				CLANG_WARN_DOCUMENTATION_COMMENTS = YES;
				CLANG_WARN_EMPTY_BODY = YES;
				CLANG_WARN_ENUM_CONVERSION = YES;
				CLANG_WARN_INFINITE_RECURSION = YES;
				CLANG_WARN_INT_CONVERSION = YES;
				CLANG_WARN_NON_LITERAL_NULL_CONVERSION = YES;
				CLANG_WARN_OBJC_LITERAL_CONVERSION = YES;
				CLANG_WARN_OBJC_ROOT_CLASS = YES_ERROR;
				CLANG_WARN_RANGE_LOOP_ANALYSIS = YES;
				CLANG_WARN_STRICT_PROTOTYPES = YES;
				CLANG_WARN_SUSPICIOUS_MOVE = YES;
				CLANG_WARN_UNGUARDED_AVAILABILITY = YES_AGGRESSIVE;
				CLANG_WARN_UNREACHABLE_CODE = YES;
				CLANG_WARN__DUPLICATE_METHOD_MATCH = YES;
				CODE_SIGN_IDENTITY = "iPhone Developer";
				COPY_PHASE_STRIP = NO;
				DEBUG_INFORMATION_FORMAT = dwarf;
				ENABLE_STRICT_OBJC_MSGSEND = YES;
				ENABLE_TESTABILITY = YES;
				GCC_C_LANGUAGE_STANDARD = gnu11;
				GCC_DYNAMIC_NO_PIC = NO;
				GCC_NO_COMMON_BLOCKS = YES;
				GCC_OPTIMIZATION_LEVEL = 0;
				GCC_PREPROCESSOR_DEFINITIONS = (
					"DEBUG=1",
					"$(inherited)",
				);
				GCC_WARN_64_TO_32_BIT_CONVERSION = YES;
				GCC_WARN_ABOUT_RETURN_TYPE = YES_ERROR;
				GCC_WARN_UNDECLARED_SELECTOR = YES;
				GCC_WARN_UNINITIALIZED_AUTOS = YES_AGGRESSIVE;
				GCC_WARN_UNUSED_FUNCTION = YES;
				GCC_WARN_UNUSED_VARIABLE = YES;
				IPHONEOS_DEPLOYMENT_TARGET = 11.2;
				MTL_ENABLE_DEBUG_INFO = YES;
				ONLY_ACTIVE_ARCH = YES;
				SDKROOT = iphoneos;
				SWIFT_ACTIVE_COMPILATION_CONDITIONS = DEBUG;
				SWIFT_OPTIMIZATION_LEVEL = "-Onone";
			};
			name = Debug;
		};
		097F66982043F5A7000095A1 /* Release */ = {
			isa = XCBuildConfiguration;
			buildSettings = {
				ALWAYS_SEARCH_USER_PATHS = NO;
				CLANG_ANALYZER_NONNULL = YES;
				CLANG_ANALYZER_NUMBER_OBJECT_CONVERSION = YES_AGGRESSIVE;
				CLANG_CXX_LANGUAGE_STANDARD = "gnu++14";
				CLANG_CXX_LIBRARY = "libc++";
				CLANG_ENABLE_MODULES = YES;
				CLANG_ENABLE_OBJC_ARC = YES;
				CLANG_WARN_BLOCK_CAPTURE_AUTORELEASING = YES;
				CLANG_WARN_BOOL_CONVERSION = YES;
				CLANG_WARN_COMMA = YES;
				CLANG_WARN_CONSTANT_CONVERSION = YES;
				CLANG_WARN_DIRECT_OBJC_ISA_USAGE = YES_ERROR;
				CLANG_WARN_DOCUMENTATION_COMMENTS = YES;
				CLANG_WARN_EMPTY_BODY = YES;
				CLANG_WARN_ENUM_CONVERSION = YES;
				CLANG_WARN_INFINITE_RECURSION = YES;
				CLANG_WARN_INT_CONVERSION = YES;
				CLANG_WARN_NON_LITERAL_NULL_CONVERSION = YES;
				CLANG_WARN_OBJC_LITERAL_CONVERSION = YES;
				CLANG_WARN_OBJC_ROOT_CLASS = YES_ERROR;
				CLANG_WARN_RANGE_LOOP_ANALYSIS = YES;
				CLANG_WARN_STRICT_PROTOTYPES = YES;
				CLANG_WARN_SUSPICIOUS_MOVE = YES;
				CLANG_WARN_UNGUARDED_AVAILABILITY = YES_AGGRESSIVE;
				CLANG_WARN_UNREACHABLE_CODE = YES;
				CLANG_WARN__DUPLICATE_METHOD_MATCH = YES;
				CODE_SIGN_IDENTITY = "iPhone Developer";
				COPY_PHASE_STRIP = NO;
				DEBUG_INFORMATION_FORMAT = "dwarf-with-dsym";
				ENABLE_NS_ASSERTIONS = NO;
				ENABLE_STRICT_OBJC_MSGSEND = YES;
				GCC_C_LANGUAGE_STANDARD = gnu11;
				GCC_NO_COMMON_BLOCKS = YES;
				GCC_WARN_64_TO_32_BIT_CONVERSION = YES;
				GCC_WARN_ABOUT_RETURN_TYPE = YES_ERROR;
				GCC_WARN_UNDECLARED_SELECTOR = YES;
				GCC_WARN_UNINITIALIZED_AUTOS = YES_AGGRESSIVE;
				GCC_WARN_UNUSED_FUNCTION = YES;
				GCC_WARN_UNUSED_VARIABLE = YES;
				IPHONEOS_DEPLOYMENT_TARGET = 11.2;
				MTL_ENABLE_DEBUG_INFO = NO;
				SDKROOT = iphoneos;
				SWIFT_OPTIMIZATION_LEVEL = "-Owholemodule";
				VALIDATE_PRODUCT = YES;
			};
			name = Release;
		};
		097F669A2043F5A7000095A1 /* Debug */ = {
			isa = XCBuildConfiguration;
			buildSettings = {
				ALWAYS_EMBED_SWIFT_STANDARD_LIBRARIES = YES;
				ASSETCATALOG_COMPILER_APPICON_NAME = AppIcon;
				CODE_SIGN_STYLE = Automatic;
				DEVELOPMENT_TEAM = ALC8X8425P;
				INFOPLIST_FILE = HNAAnimation/Info.plist;
				IPHONEOS_DEPLOYMENT_TARGET = 9.0;
				LD_RUNPATH_SEARCH_PATHS = "$(inherited) @executable_path/Frameworks";
				PRODUCT_BUNDLE_IDENTIFIER = com.hna.eking.lili.HNAAnimation;
				PRODUCT_NAME = "$(TARGET_NAME)";
				SWIFT_VERSION = 4.0;
				TARGETED_DEVICE_FAMILY = "1,2";
			};
			name = Debug;
		};
		097F669B2043F5A7000095A1 /* Release */ = {
			isa = XCBuildConfiguration;
			buildSettings = {
				ALWAYS_EMBED_SWIFT_STANDARD_LIBRARIES = YES;
				ASSETCATALOG_COMPILER_APPICON_NAME = AppIcon;
				CODE_SIGN_STYLE = Automatic;
				DEVELOPMENT_TEAM = ALC8X8425P;
				INFOPLIST_FILE = HNAAnimation/Info.plist;
				IPHONEOS_DEPLOYMENT_TARGET = 9.0;
				LD_RUNPATH_SEARCH_PATHS = "$(inherited) @executable_path/Frameworks";
				PRODUCT_BUNDLE_IDENTIFIER = com.hna.eking.lili.HNAAnimation;
				PRODUCT_NAME = "$(TARGET_NAME)";
				SWIFT_VERSION = 4.0;
				TARGETED_DEVICE_FAMILY = "1,2";
			};
			name = Release;
		};
/* End XCBuildConfiguration section */

/* Begin XCConfigurationList section */
		097F66822043F5A7000095A1 /* Build configuration list for PBXProject "HNAAnimation" */ = {
			isa = XCConfigurationList;
			buildConfigurations = (
				097F66972043F5A7000095A1 /* Debug */,
				097F66982043F5A7000095A1 /* Release */,
			);
			defaultConfigurationIsVisible = 0;
			defaultConfigurationName = Release;
		};
		097F66992043F5A7000095A1 /* Build configuration list for PBXNativeTarget "HNAAnimation" */ = {
			isa = XCConfigurationList;
			buildConfigurations = (
				097F669A2043F5A7000095A1 /* Debug */,
				097F669B2043F5A7000095A1 /* Release */,
			);
			defaultConfigurationIsVisible = 0;
			defaultConfigurationName = Release;
		};
/* End XCConfigurationList section */
	};
	rootObject = 097F667F2043F5A7000095A1 /* Project object */;
}
